
Microsoft Visual Studio Solution File, Format Version 12.00
# Visual Studio Version 16
VisualStudioVersion = 16.0.30907.101
MinimumVisualStudioVersion = 10.0.40219.1
Project("{FAE04EC0-301F-11D3-BF4B-00C04F79EFBC}") = "UserlikeActions", "UserlikeActions\UserlikeActions.csproj", "{78FBE24B-10FF-4186-9884-7332F08032E7}"
EndProject
Global
	GlobalSection(SolutionConfigurationPlatforms) = preSolution
		Debug|Any CPU = Debug|Any CPU
		Release|Any CPU = Release|Any CPU
	EndGlobalSection
	GlobalSection(ProjectConfigurationPlatforms) = postSolution
		{78FBE24B-10FF-4186-9884-7332F08032E7}.Debug|Any CPU.ActiveCfg = Debug|Any CPU
		{78FBE24B-10FF-4186-9884-7332F08032E7}.Debug|Any CPU.Build.0 = Debug|Any CPU
		{78FBE24B-10FF-4186-9884-7332F08032E7}.Release|Any CPU.ActiveCfg = Release|Any CPU
		{78FBE24B-10FF-4186-9884-7332F08032E7}.Release|Any CPU.Build.0 = Release|Any CPU
	EndGlobalSection
	GlobalSection(SolutionProperties) = preSolution
		HideSolutionNode = FALSE
	EndGlobalSection
	GlobalSection(ExtensibilityGlobals) = postSolution
		SolutionGuid = {51375A13-88FC-4201-99FF-559E871E2E60}
	EndGlobalSection
EndGlobal
