
Microsoft Visual Studio Solution File, Format Version 12.00
# Visual Studio Version 16
VisualStudioVersion = 16.0.30907.101
MinimumVisualStudioVersion = 10.0.40219.1
Project("{FAE04EC0-301F-11D3-BF4B-00C04F79EFBC}") = "CSS_XPath", "CSS_XPath\CSS_XPath.csproj", "{BF1C070E-9417-4CD8-8F02-45D313AFB0E1}"
EndProject
Global
	GlobalSection(SolutionConfigurationPlatforms) = preSolution
		Debug|Any CPU = Debug|Any CPU
		Release|Any CPU = Release|Any CPU
	EndGlobalSection
	GlobalSection(ProjectConfigurationPlatforms) = postSolution
		{BF1C070E-9417-4CD8-8F02-45D313AFB0E1}.Debug|Any CPU.ActiveCfg = Debug|Any CPU
		{BF1C070E-9417-4CD8-8F02-45D313AFB0E1}.Debug|Any CPU.Build.0 = Debug|Any CPU
		{BF1C070E-9417-4CD8-8F02-45D313AFB0E1}.Release|Any CPU.ActiveCfg = Release|Any CPU
		{BF1C070E-9417-4CD8-8F02-45D313AFB0E1}.Release|Any CPU.Build.0 = Release|Any CPU
	EndGlobalSection
	GlobalSection(SolutionProperties) = preSolution
		HideSolutionNode = FALSE
	EndGlobalSection
	GlobalSection(ExtensibilityGlobals) = postSolution
		SolutionGuid = {01C5A4C6-B91A-48FC-89F0-BB83A9A96516}
	EndGlobalSection
EndGlobal
