
Microsoft Visual Studio Solution File, Format Version 12.00
# Visual Studio Version 16
VisualStudioVersion = 16.0.30907.101
MinimumVisualStudioVersion = 10.0.40219.1
Project("{FAE04EC0-301F-11D3-BF4B-00C04F79EFBC}") = "ExtractLinksFromTheSitemap", "ExtractLinksFromTheSitemap\ExtractLinksFromTheSitemap.csproj", "{2EA61179-88F2-481D-AEE7-C14300606DBD}"
EndProject
Global
	GlobalSection(SolutionConfigurationPlatforms) = preSolution
		Debug|Any CPU = Debug|Any CPU
		Release|Any CPU = Release|Any CPU
	EndGlobalSection
	GlobalSection(ProjectConfigurationPlatforms) = postSolution
		{2EA61179-88F2-481D-AEE7-C14300606DBD}.Debug|Any CPU.ActiveCfg = Debug|Any CPU
		{2EA61179-88F2-481D-AEE7-C14300606DBD}.Debug|Any CPU.Build.0 = Debug|Any CPU
		{2EA61179-88F2-481D-AEE7-C14300606DBD}.Release|Any CPU.ActiveCfg = Release|Any CPU
		{2EA61179-88F2-481D-AEE7-C14300606DBD}.Release|Any CPU.Build.0 = Release|Any CPU
	EndGlobalSection
	GlobalSection(SolutionProperties) = preSolution
		HideSolutionNode = FALSE
	EndGlobalSection
	GlobalSection(ExtensibilityGlobals) = postSolution
		SolutionGuid = {BFAF9881-1390-4A5B-9777-3BD2119F1283}
	EndGlobalSection
EndGlobal
