
Microsoft Visual Studio Solution File, Format Version 12.00
# Visual Studio Version 16
VisualStudioVersion = 16.0.30907.101
MinimumVisualStudioVersion = 10.0.40219.1
Project("{FAE04EC0-301F-11D3-BF4B-00C04F79EFBC}") = "OpenCloseTabs", "OpenCloseTabs\OpenCloseTabs.csproj", "{305AB0EE-6AA0-4EC8-8D1B-46DBCEC03C6A}"
EndProject
Global
	GlobalSection(SolutionConfigurationPlatforms) = preSolution
		Debug|Any CPU = Debug|Any CPU
		Release|Any CPU = Release|Any CPU
	EndGlobalSection
	GlobalSection(ProjectConfigurationPlatforms) = postSolution
		{305AB0EE-6AA0-4EC8-8D1B-46DBCEC03C6A}.Debug|Any CPU.ActiveCfg = Debug|Any CPU
		{305AB0EE-6AA0-4EC8-8D1B-46DBCEC03C6A}.Debug|Any CPU.Build.0 = Debug|Any CPU
		{305AB0EE-6AA0-4EC8-8D1B-46DBCEC03C6A}.Release|Any CPU.ActiveCfg = Release|Any CPU
		{305AB0EE-6AA0-4EC8-8D1B-46DBCEC03C6A}.Release|Any CPU.Build.0 = Release|Any CPU
	EndGlobalSection
	GlobalSection(SolutionProperties) = preSolution
		HideSolutionNode = FALSE
	EndGlobalSection
	GlobalSection(ExtensibilityGlobals) = postSolution
		SolutionGuid = {BC02E720-6F31-43DA-9193-4C8B02F6902F}
	EndGlobalSection
EndGlobal
