
Microsoft Visual Studio Solution File, Format Version 12.00
# Visual Studio Version 16
VisualStudioVersion = 16.0.30907.101
MinimumVisualStudioVersion = 10.0.40219.1
Project("{FAE04EC0-301F-11D3-BF4B-00C04F79EFBC}") = "DragAndDropElements", "DragAndDropElements\DragAndDropElements.csproj", "{E4E16FC4-9AB5-4FBF-90E3-AD769F47E747}"
EndProject
Global
	GlobalSection(SolutionConfigurationPlatforms) = preSolution
		Debug|Any CPU = Debug|Any CPU
		Release|Any CPU = Release|Any CPU
	EndGlobalSection
	GlobalSection(ProjectConfigurationPlatforms) = postSolution
		{E4E16FC4-9AB5-4FBF-90E3-AD769F47E747}.Debug|Any CPU.ActiveCfg = Debug|Any CPU
		{E4E16FC4-9AB5-4FBF-90E3-AD769F47E747}.Debug|Any CPU.Build.0 = Debug|Any CPU
		{E4E16FC4-9AB5-4FBF-90E3-AD769F47E747}.Release|Any CPU.ActiveCfg = Release|Any CPU
		{E4E16FC4-9AB5-4FBF-90E3-AD769F47E747}.Release|Any CPU.Build.0 = Release|Any CPU
	EndGlobalSection
	GlobalSection(SolutionProperties) = preSolution
		HideSolutionNode = FALSE
	EndGlobalSection
	GlobalSection(ExtensibilityGlobals) = postSolution
		SolutionGuid = {FD1B4238-FDF7-4BCD-9B4A-6C07F050B80B}
	EndGlobalSection
EndGlobal
