
Microsoft Visual Studio Solution File, Format Version 12.00
# Visual Studio Version 16
VisualStudioVersion = 16.0.30907.101
MinimumVisualStudioVersion = 10.0.40219.1
Project("{FAE04EC0-301F-11D3-BF4B-00C04F79EFBC}") = "TextInput", "TextInput\TextInput.csproj", "{BA6326E5-BEFE-452E-BFAE-CC996D28ACBA}"
EndProject
Global
	GlobalSection(SolutionConfigurationPlatforms) = preSolution
		Debug|Any CPU = Debug|Any CPU
		Release|Any CPU = Release|Any CPU
	EndGlobalSection
	GlobalSection(ProjectConfigurationPlatforms) = postSolution
		{BA6326E5-BEFE-452E-BFAE-CC996D28ACBA}.Debug|Any CPU.ActiveCfg = Debug|Any CPU
		{BA6326E5-BEFE-452E-BFAE-CC996D28ACBA}.Debug|Any CPU.Build.0 = Debug|Any CPU
		{BA6326E5-BEFE-452E-BFAE-CC996D28ACBA}.Release|Any CPU.ActiveCfg = Release|Any CPU
		{BA6326E5-BEFE-452E-BFAE-CC996D28ACBA}.Release|Any CPU.Build.0 = Release|Any CPU
	EndGlobalSection
	GlobalSection(SolutionProperties) = preSolution
		HideSolutionNode = FALSE
	EndGlobalSection
	GlobalSection(ExtensibilityGlobals) = postSolution
		SolutionGuid = {6ACCECB0-EEAA-401B-BDDC-79890AC2869F}
	EndGlobalSection
EndGlobal
